
Microsoft Visual Studio Solution File, Format Version 12.00
# Visual Studio 15
VisualStudioVersion = 15.0.27205.0
MinimumVisualStudioVersion = 10.0.40219.1
Project("{9A19103F-16F7-4668-BE54-9A1E7A4F7556}") = "Alexa.NET.Gadgets", "Alexa.NET.Gadgets\Alexa.NET.Gadgets.csproj", "{EE3DE9F0-E1DB-4B12-9636-A5F5A6B32B13}"
EndProject
Project("{FAE04EC0-301F-11D3-BF4B-00C04F79EFBC}") = "Alexa.NET.Gadgets.Tests", "Alexa.NET.Gadgets.Tests\Alexa.NET.Gadgets.Tests.csproj", "{B83627AD-4C4C-43C5-A7ED-970A7D0A4221}"
EndProject
Global
	GlobalSection(SolutionConfigurationPlatforms) = preSolution
		Debug|Any CPU = Debug|Any CPU
		Release|Any CPU = Release|Any CPU
	EndGlobalSection
	GlobalSection(ProjectConfigurationPlatforms) = postSolution
		{EE3DE9F0-E1DB-4B12-9636-A5F5A6B32B13}.Debug|Any CPU.ActiveCfg = Debug|Any CPU
		{EE3DE9F0-E1DB-4B12-9636-A5F5A6B32B13}.Debug|Any CPU.Build.0 = Debug|Any CPU
		{EE3DE9F0-E1DB-4B12-9636-A5F5A6B32B13}.Release|Any CPU.ActiveCfg = Release|Any CPU
		{EE3DE9F0-E1DB-4B12-9636-A5F5A6B32B13}.Release|Any CPU.Build.0 = Release|Any CPU
		{B83627AD-4C4C-43C5-A7ED-970A7D0A4221}.Debug|Any CPU.ActiveCfg = Debug|Any CPU
		{B83627AD-4C4C-43C5-A7ED-970A7D0A4221}.Debug|Any CPU.Build.0 = Debug|Any CPU
		{B83627AD-4C4C-43C5-A7ED-970A7D0A4221}.Release|Any CPU.ActiveCfg = Release|Any CPU
		{B83627AD-4C4C-43C5-A7ED-970A7D0A4221}.Release|Any CPU.Build.0 = Release|Any CPU
	EndGlobalSection
	GlobalSection(SolutionProperties) = preSolution
		HideSolutionNode = FALSE
	EndGlobalSection
	GlobalSection(ExtensibilityGlobals) = postSolution
		SolutionGuid = {D82828F8-6BA3-4CC9-B224-36D9E813571C}
	EndGlobalSection
EndGlobal
